// !$*UTF8*$!
{
	archiveVersion = 1;
	classes = {
	};
	objectVersion = 50;
	objects = {

/* Begin PBXBuildFile section */
		2DB99007E571039237EC66A7 /* WissCompatible.swift in Sources */ = {isa = PBXBuildFile; fileRef = 2DB99ACD333552C8021011B0 /* WissCompatible.swift */; };
		2DB9910872A717A0EC588247 /* Codable+WissExtension.swift in Sources */ = {isa = PBXBuildFile; fileRef = 2DB99AAA2E4EB1C1D02C0077 /* Codable+WissExtension.swift */; };
		2DB99259C85914D01D78451F /* Int+Wiss.swift in Sources */ = {isa = PBXBuildFile; fileRef = 2DB99CB7D434F724AD4B1A0F /* Int+Wiss.swift */; };
		2DB992CD27F3AEDF7FC298F7 /* Hashable+Extension.swift in Sources */ = {isa = PBXBuildFile; fileRef = 2DB99F73B7CD697594F7D9D1 /* Hashable+Extension.swift */; };
		2DB9932B9D6EBE19C127C57A /* UIFont+Wiss.swift in Sources */ = {isa = PBXBuildFile; fileRef = 2DB9953BA5CF364FAAD4C512 /* UIFont+Wiss.swift */; };
		2DB9943B4524AA1FB3DB0A7C /* UIView+Wiss.swift in Sources */ = {isa = PBXBuildFile; fileRef = 2DB9939044A757C154705920 /* UIView+Wiss.swift */; };
		2DB99485580C83887C1591EE /* UILabel+Wiss.swift in Sources */ = {isa = PBXBuildFile; fileRef = 2DB99155F6B2349B905DAE97 /* UILabel+Wiss.swift */; };
		2DB99615CB4BAB3A4F2A2E17 /* WissHttpError.swift in Sources */ = {isa = PBXBuildFile; fileRef = 2DB995A4082D3F405DA2EBFB /* WissHttpError.swift */; };
		2DB9971BD1AD45E090AF4CB0 /* WissError.swift in Sources */ = {isa = PBXBuildFile; fileRef = 2DB99B84225CD8751553B09F /* WissError.swift */; };
		2DB999183C2507CDB73231A0 /* CGFloat+WissExtension.swift in Sources */ = {isa = PBXBuildFile; fileRef = 2DB99B10A1CE1BC41F1E4765 /* CGFloat+WissExtension.swift */; };
		2DB9999238FCD79BB4CF2E8D /* CGSize+WissExtension.swift in Sources */ = {isa = PBXBuildFile; fileRef = 2DB99BD61614F2A6335B31E4 /* CGSize+WissExtension.swift */; };
		2DB999E84B00AAFBD4E367D7 /* String+Wiss.swift in Sources */ = {isa = PBXBuildFile; fileRef = 2DB9934E17AC4B9844803F20 /* String+Wiss.swift */; };
		2DB99A654AF9E1900CBA9140 /* UITableView+Wiss.swift in Sources */ = {isa = PBXBuildFile; fileRef = 2DB99659B4E5418EA77C5828 /* UITableView+Wiss.swift */; };
		2DB99AEA104954BF1901BF19 /* ScreenSizeBasedCGFloat.swift in Sources */ = {isa = PBXBuildFile; fileRef = 2DB996FDF4F10EC3170C1FB1 /* ScreenSizeBasedCGFloat.swift */; };
		2DB99B283F8A16CBCF4C00B7 /* CellModelRetainedCell.swift in Sources */ = {isa = PBXBuildFile; fileRef = 2DB99299EABDF39464603ED8 /* CellModelRetainedCell.swift */; };
		2DB99B4CEA3A494FF87A757B /* Int+WissExtension.swift in Sources */ = {isa = PBXBuildFile; fileRef = 2DB9939871591CFCB6A365BF /* Int+WissExtension.swift */; };
		2DB99BABFB615E523F1ADA78 /* WissKitError.swift in Sources */ = {isa = PBXBuildFile; fileRef = 2DB9986E0FB195C6F9345521 /* WissKitError.swift */; };
		2DB99CE42A65407FFD9E27E7 /* Bool+WissExtension.swift in Sources */ = {isa = PBXBuildFile; fileRef = 2DB995CBF1C86315E333B383 /* Bool+WissExtension.swift */; };
		2DB99D74EB50CAC27F64A9D5 /* WissStore.swift in Sources */ = {isa = PBXBuildFile; fileRef = 2DB9947B0520CE65474F627B /* WissStore.swift */; };
		2DB99DDFAA01E0D9BA668D3A /* WissDeinitHandler.swift in Sources */ = {isa = PBXBuildFile; fileRef = 2DB99EF77F3A585241AEEFB2 /* WissDeinitHandler.swift */; };
		2DB99E00A3A5B05B52F3582D /* NSAttributedString+Wiss.swift in Sources */ = {isa = PBXBuildFile; fileRef = 2DB99BFA7ABE7DC2E3778B61 /* NSAttributedString+Wiss.swift */; };
		2DB99E06B3E58F2F3033C5F5 /* NSMutableAttributedString+Wiss.swift in Sources */ = {isa = PBXBuildFile; fileRef = 2DB992C8A8F249851F36FDC6 /* NSMutableAttributedString+Wiss.swift */; };
		2DB99E3B2B1F8771227876EB /* WissEquatable.swift in Sources */ = {isa = PBXBuildFile; fileRef = 2DB992DD0BCAABABFEFDC0DD /* WissEquatable.swift */; };
		2DB99E7ABA9E927638D0A5DC /* UIScreen+Wiss.swift in Sources */ = {isa = PBXBuildFile; fileRef = 2DB99DDB26E7BCEDAEEAD47E /* UIScreen+Wiss.swift */; };
		2DB99EA4B19B65F252567087 /* Wiss.swift in Sources */ = {isa = PBXBuildFile; fileRef = 2DB99D371107BD05306F9A6B /* Wiss.swift */; };
		2DB99F8D454DAB9C9C3509D3 /* UIColor+WissExtension.swift in Sources */ = {isa = PBXBuildFile; fileRef = 2DB999B047FDF76A9CFCF031 /* UIColor+WissExtension.swift */; };
		2DB99FA559EC5E1E528C73BB /* ReusableView.swift in Sources */ = {isa = PBXBuildFile; fileRef = 2DB993F31A0921E6BA2F201E /* ReusableView.swift */; };
		E71C3C6523E960EB00CE2B47 /* AppDelegate.swift in Sources */ = {isa = PBXBuildFile; fileRef = E71C3C6423E960EB00CE2B47 /* AppDelegate.swift */; };
		E71C3C6923E960EB00CE2B47 /* ViewController.swift in Sources */ = {isa = PBXBuildFile; fileRef = E71C3C6823E960EB00CE2B47 /* ViewController.swift */; };
		E71C3C6E23E960EE00CE2B47 /* Assets.xcassets in Resources */ = {isa = PBXBuildFile; fileRef = E71C3C6D23E960EE00CE2B47 /* Assets.xcassets */; };
		E71C3C7123E960EE00CE2B47 /* LaunchScreen.storyboard in Resources */ = {isa = PBXBuildFile; fileRef = E71C3C6F23E960EE00CE2B47 /* LaunchScreen.storyboard */; };
/* End PBXBuildFile section */

/* Begin PBXFileReference section */
		2DB99155F6B2349B905DAE97 /* UILabel+Wiss.swift */ = {isa = PBXFileReference; fileEncoding = 4; lastKnownFileType = sourcecode.swift; path = "UILabel+Wiss.swift"; sourceTree = "<group>"; };
		2DB99299EABDF39464603ED8 /* CellModelRetainedCell.swift */ = {isa = PBXFileReference; fileEncoding = 4; lastKnownFileType = sourcecode.swift; path = CellModelRetainedCell.swift; sourceTree = "<group>"; };
		2DB992C8A8F249851F36FDC6 /* NSMutableAttributedString+Wiss.swift */ = {isa = PBXFileReference; fileEncoding = 4; lastKnownFileType = sourcecode.swift; path = "NSMutableAttributedString+Wiss.swift"; sourceTree = "<group>"; };
		2DB992DD0BCAABABFEFDC0DD /* WissEquatable.swift */ = {isa = PBXFileReference; fileEncoding = 4; lastKnownFileType = sourcecode.swift; path = WissEquatable.swift; sourceTree = "<group>"; };
		2DB9934E17AC4B9844803F20 /* String+Wiss.swift */ = {isa = PBXFileReference; fileEncoding = 4; lastKnownFileType = sourcecode.swift; path = "String+Wiss.swift"; sourceTree = "<group>"; };
		2DB9939044A757C154705920 /* UIView+Wiss.swift */ = {isa = PBXFileReference; fileEncoding = 4; lastKnownFileType = sourcecode.swift; path = "UIView+Wiss.swift"; sourceTree = "<group>"; };
		2DB9939871591CFCB6A365BF /* Int+WissExtension.swift */ = {isa = PBXFileReference; fileEncoding = 4; lastKnownFileType = sourcecode.swift; path = "Int+WissExtension.swift"; sourceTree = "<group>"; };
		2DB993F31A0921E6BA2F201E /* ReusableView.swift */ = {isa = PBXFileReference; fileEncoding = 4; lastKnownFileType = sourcecode.swift; path = ReusableView.swift; sourceTree = "<group>"; };
		2DB9947B0520CE65474F627B /* WissStore.swift */ = {isa = PBXFileReference; fileEncoding = 4; lastKnownFileType = sourcecode.swift; path = WissStore.swift; sourceTree = "<group>"; };
		2DB9953BA5CF364FAAD4C512 /* UIFont+Wiss.swift */ = {isa = PBXFileReference; fileEncoding = 4; lastKnownFileType = sourcecode.swift; path = "UIFont+Wiss.swift"; sourceTree = "<group>"; };
		2DB995A4082D3F405DA2EBFB /* WissHttpError.swift */ = {isa = PBXFileReference; fileEncoding = 4; lastKnownFileType = sourcecode.swift; path = WissHttpError.swift; sourceTree = "<group>"; };
		2DB995CBF1C86315E333B383 /* Bool+WissExtension.swift */ = {isa = PBXFileReference; fileEncoding = 4; lastKnownFileType = sourcecode.swift; path = "Bool+WissExtension.swift"; sourceTree = "<group>"; };
		2DB99659B4E5418EA77C5828 /* UITableView+Wiss.swift */ = {isa = PBXFileReference; fileEncoding = 4; lastKnownFileType = sourcecode.swift; path = "UITableView+Wiss.swift"; sourceTree = "<group>"; };
		2DB996FDF4F10EC3170C1FB1 /* ScreenSizeBasedCGFloat.swift */ = {isa = PBXFileReference; fileEncoding = 4; lastKnownFileType = sourcecode.swift; path = ScreenSizeBasedCGFloat.swift; sourceTree = "<group>"; };
		2DB9986E0FB195C6F9345521 /* WissKitError.swift */ = {isa = PBXFileReference; fileEncoding = 4; lastKnownFileType = sourcecode.swift; path = WissKitError.swift; sourceTree = "<group>"; };
		2DB999B047FDF76A9CFCF031 /* UIColor+WissExtension.swift */ = {isa = PBXFileReference; fileEncoding = 4; lastKnownFileType = sourcecode.swift; path = "UIColor+WissExtension.swift"; sourceTree = "<group>"; };
		2DB99AAA2E4EB1C1D02C0077 /* Codable+WissExtension.swift */ = {isa = PBXFileReference; fileEncoding = 4; lastKnownFileType = sourcecode.swift; path = "Codable+WissExtension.swift"; sourceTree = "<group>"; };
		2DB99ACD333552C8021011B0 /* WissCompatible.swift */ = {isa = PBXFileReference; fileEncoding = 4; lastKnownFileType = sourcecode.swift; path = WissCompatible.swift; sourceTree = "<group>"; };
		2DB99B0F7EB3A30492958F5D /* WissKit.podspec */ = {isa = PBXFileReference; lastKnownFileType = text; name = WissKit.podspec; path = ../WissKit.podspec; sourceTree = "<group>"; };
		2DB99B10A1CE1BC41F1E4765 /* CGFloat+WissExtension.swift */ = {isa = PBXFileReference; fileEncoding = 4; lastKnownFileType = sourcecode.swift; path = "CGFloat+WissExtension.swift"; sourceTree = "<group>"; };
		2DB99B84225CD8751553B09F /* WissError.swift */ = {isa = PBXFileReference; fileEncoding = 4; lastKnownFileType = sourcecode.swift; path = WissError.swift; sourceTree = "<group>"; };
		2DB99BD61614F2A6335B31E4 /* CGSize+WissExtension.swift */ = {isa = PBXFileReference; fileEncoding = 4; lastKnownFileType = sourcecode.swift; path = "CGSize+WissExtension.swift"; sourceTree = "<group>"; };
		2DB99BFA7ABE7DC2E3778B61 /* NSAttributedString+Wiss.swift */ = {isa = PBXFileReference; fileEncoding = 4; lastKnownFileType = sourcecode.swift; path = "NSAttributedString+Wiss.swift"; sourceTree = "<group>"; };
		2DB99CB7D434F724AD4B1A0F /* Int+Wiss.swift */ = {isa = PBXFileReference; fileEncoding = 4; lastKnownFileType = sourcecode.swift; path = "Int+Wiss.swift"; sourceTree = "<group>"; };
		2DB99D371107BD05306F9A6B /* Wiss.swift */ = {isa = PBXFileReference; fileEncoding = 4; lastKnownFileType = sourcecode.swift; path = Wiss.swift; sourceTree = "<group>"; };
		2DB99DDB26E7BCEDAEEAD47E /* UIScreen+Wiss.swift */ = {isa = PBXFileReference; fileEncoding = 4; lastKnownFileType = sourcecode.swift; path = "UIScreen+Wiss.swift"; sourceTree = "<group>"; };
		2DB99EF77F3A585241AEEFB2 /* WissDeinitHandler.swift */ = {isa = PBXFileReference; fileEncoding = 4; lastKnownFileType = sourcecode.swift; path = WissDeinitHandler.swift; sourceTree = "<group>"; };
		2DB99F73B7CD697594F7D9D1 /* Hashable+Extension.swift */ = {isa = PBXFileReference; fileEncoding = 4; lastKnownFileType = sourcecode.swift; path = "Hashable+Extension.swift"; sourceTree = "<group>"; };
		E71C3C6123E960EB00CE2B47 /* WissKitDebugApp.app */ = {isa = PBXFileReference; explicitFileType = wrapper.application; includeInIndex = 0; path = WissKitDebugApp.app; sourceTree = BUILT_PRODUCTS_DIR; };
		E71C3C6423E960EB00CE2B47 /* AppDelegate.swift */ = {isa = PBXFileReference; lastKnownFileType = sourcecode.swift; path = AppDelegate.swift; sourceTree = "<group>"; };
		E71C3C6823E960EB00CE2B47 /* ViewController.swift */ = {isa = PBXFileReference; lastKnownFileType = sourcecode.swift; path = ViewController.swift; sourceTree = "<group>"; };
		E71C3C6D23E960EE00CE2B47 /* Assets.xcassets */ = {isa = PBXFileReference; lastKnownFileType = folder.assetcatalog; path = Assets.xcassets; sourceTree = "<group>"; };
		E71C3C7223E960EE00CE2B47 /* Info.plist */ = {isa = PBXFileReference; lastKnownFileType = text.plist.xml; path = Info.plist; sourceTree = "<group>"; };
		E7E165E123F2FD0B00B5A654 /* Base */ = {isa = PBXFileReference; lastKnownFileType = file.storyboard; name = Base; path = Base.lproj/LaunchScreen.storyboard; sourceTree = "<group>"; };
		E7E165E223F2FED200B5A654 /* WissMVVM.podspec */ = {isa = PBXFileReference; lastKnownFileType = file; path = WissMVVM.podspec; sourceTree = SOURCE_ROOT; };
/* End PBXFileReference section */

/* Begin PBXFrameworksBuildPhase section */
		E71C3C5E23E960EB00CE2B47 /* Frameworks */ = {
			isa = PBXFrameworksBuildPhase;
			buildActionMask = 2147483647;
			files = (
			);
			runOnlyForDeploymentPostprocessing = 0;
		};
/* End PBXFrameworksBuildPhase section */

/* Begin PBXGroup section */
		2DB992E84B10BCCCD89F21D4 /* Protocol */ = {
			isa = PBXGroup;
			children = (
				2DB992DD0BCAABABFEFDC0DD /* WissEquatable.swift */,
			);
			path = Protocol;
			sourceTree = "<group>";
		};
		2DB993A1ADDFE141F20DF198 /* PrimitiveType */ = {
			isa = PBXGroup;
			children = (
				2DB99CB7D434F724AD4B1A0F /* Int+Wiss.swift */,
				2DB9934E17AC4B9844803F20 /* String+Wiss.swift */,
				2DB9939871591CFCB6A365BF /* Int+WissExtension.swift */,
				2DB995CBF1C86315E333B383 /* Bool+WissExtension.swift */,
				2DB99BD61614F2A6335B31E4 /* CGSize+WissExtension.swift */,
				2DB99B10A1CE1BC41F1E4765 /* CGFloat+WissExtension.swift */,
				2DB99BFA7ABE7DC2E3778B61 /* NSAttributedString+Wiss.swift */,
				2DB999B047FDF76A9CFCF031 /* UIColor+WissExtension.swift */,
				2DB9953BA5CF364FAAD4C512 /* UIFont+Wiss.swift */,
				2DB992C8A8F249851F36FDC6 /* NSMutableAttributedString+Wiss.swift */,
			);
			path = PrimitiveType;
			sourceTree = "<group>";
		};
		2DB99416291C44CAEE761DFD /* Error */ = {
			isa = PBXGroup;
			children = (
				2DB99B84225CD8751553B09F /* WissError.swift */,
				2DB995A4082D3F405DA2EBFB /* WissHttpError.swift */,
			);
			path = Error;
			sourceTree = "<group>";
		};
		2DB994D730B6C3CED067964A /* Extension */ = {
			isa = PBXGroup;
			children = (
				2DB99AAA2E4EB1C1D02C0077 /* Codable+WissExtension.swift */,
			);
			path = Extension;
			sourceTree = "<group>";
		};
		2DB9965882120A0B9D2923E7 /* Supporting */ = {
			isa = PBXGroup;
			children = (
				2DB99FDF92692660BF838404 /* Error */,
				2DB992E84B10BCCCD89F21D4 /* Protocol */,
				2DB996D7F95D263D9E202A24 /* Extension */,
			);
			path = Supporting;
			sourceTree = "<group>";
		};
		2DB996D7F95D263D9E202A24 /* Extension */ = {
			isa = PBXGroup;
			children = (
				2DB99F73B7CD697594F7D9D1 /* Hashable+Extension.swift */,
			);
			path = Extension;
			sourceTree = "<group>";
		};
		2DB99B19196682A4EDF14338 /* WissKit */ = {
			isa = PBXGroup;
			children = (
				2DB99DF652502E59B2F75123 /* Source */,
				2DB99B0F7EB3A30492958F5D /* WissKit.podspec */,
				2DB9965882120A0B9D2923E7 /* Supporting */,
			);
			path = WissKit;
			sourceTree = "<group>";
		};
		2DB99B69B8728B7BE7E102F9 /* View */ = {
			isa = PBXGroup;
			children = (
				2DB99DDB26E7BCEDAEEAD47E /* UIScreen+Wiss.swift */,
				2DB99155F6B2349B905DAE97 /* UILabel+Wiss.swift */,
				2DB9939044A757C154705920 /* UIView+Wiss.swift */,
				2DB99659B4E5418EA77C5828 /* UITableView+Wiss.swift */,
			);
			path = View;
			sourceTree = "<group>";
		};
		2DB99BBBC0A126C19217E043 /* Protocol */ = {
			isa = PBXGroup;
			children = (
				2DB99299EABDF39464603ED8 /* CellModelRetainedCell.swift */,
			);
			path = Protocol;
			sourceTree = "<group>";
		};
		2DB99C3071A3160C8B7FF5F3 /* Util */ = {
			isa = PBXGroup;
			children = (
				2DB99EF77F3A585241AEEFB2 /* WissDeinitHandler.swift */,
				2DB996FDF4F10EC3170C1FB1 /* ScreenSizeBasedCGFloat.swift */,
			);
			path = Util;
			sourceTree = "<group>";
		};
		2DB99D5AA9D59122C70A77B5 /* WissMVVM */ = {
			isa = PBXGroup;
			children = (
				2DB99EE5647410E01DD2B962 /* Source */,
				E7E165E223F2FED200B5A654 /* WissMVVM.podspec */,
			);
			path = WissMVVM;
			sourceTree = "<group>";
		};
		2DB99DF652502E59B2F75123 /* Source */ = {
			isa = PBXGroup;
			children = (
				2DB99416291C44CAEE761DFD /* Error */,
				2DB99F113CA2989027BFA8BB /* Wiss */,
				2DB993A1ADDFE141F20DF198 /* PrimitiveType */,
				2DB99C3071A3160C8B7FF5F3 /* Util */,
				2DB99FD4407B67826F8718DA /* Protocol */,
				2DB99B69B8728B7BE7E102F9 /* View */,
				2DB994D730B6C3CED067964A /* Extension */,
			);
			path = Source;
			sourceTree = "<group>";
		};
		2DB99EE5647410E01DD2B962 /* Source */ = {
			isa = PBXGroup;
			children = (
				2DB99BBBC0A126C19217E043 /* Protocol */,
			);
			path = Source;
			sourceTree = "<group>";
		};
		2DB99F113CA2989027BFA8BB /* Wiss */ = {
			isa = PBXGroup;
			children = (
				2DB99D371107BD05306F9A6B /* Wiss.swift */,
				2DB9947B0520CE65474F627B /* WissStore.swift */,
				2DB99ACD333552C8021011B0 /* WissCompatible.swift */,
			);
			path = Wiss;
			sourceTree = "<group>";
		};
		2DB99FD4407B67826F8718DA /* Protocol */ = {
			isa = PBXGroup;
			children = (
				2DB993F31A0921E6BA2F201E /* ReusableView.swift */,
			);
			path = Protocol;
			sourceTree = "<group>";
		};
		2DB99FDF92692660BF838404 /* Error */ = {
			isa = PBXGroup;
			children = (
				2DB9986E0FB195C6F9345521 /* WissKitError.swift */,
			);
			path = Error;
			sourceTree = "<group>";
		};
		E71C3C5823E960EB00CE2B47 = {
			isa = PBXGroup;
			children = (
				2DB99B19196682A4EDF14338 /* WissKit */,
				2DB99D5AA9D59122C70A77B5 /* WissMVVM */,
				E71C3C6323E960EB00CE2B47 /* WissKitDebugApp */,
				E71C3C6223E960EB00CE2B47 /* Products */,
			);
			sourceTree = "<group>";
		};
		E71C3C6223E960EB00CE2B47 /* Products */ = {
			isa = PBXGroup;
			children = (
				E71C3C6123E960EB00CE2B47 /* WissKitDebugApp.app */,
			);
			name = Products;
			sourceTree = "<group>";
		};
		E71C3C6323E960EB00CE2B47 /* WissKitDebugApp */ = {
			isa = PBXGroup;
			children = (
				E71C3C6423E960EB00CE2B47 /* AppDelegate.swift */,
				E71C3C6823E960EB00CE2B47 /* ViewController.swift */,
				E71C3C6D23E960EE00CE2B47 /* Assets.xcassets */,
				E71C3C6F23E960EE00CE2B47 /* LaunchScreen.storyboard */,
				E71C3C7223E960EE00CE2B47 /* Info.plist */,
			);
			path = WissKitDebugApp;
			sourceTree = "<group>";
		};
/* End PBXGroup section */

/* Begin PBXNativeTarget section */
		E71C3C6023E960EB00CE2B47 /* WissKitDebugApp */ = {
			isa = PBXNativeTarget;
			buildConfigurationList = E71C3C7523E960EE00CE2B47 /* Build configuration list for PBXNativeTarget "WissKitDebugApp" */;
			buildPhases = (
				E71C3C5D23E960EB00CE2B47 /* Sources */,
				E71C3C5E23E960EB00CE2B47 /* Frameworks */,
				E71C3C5F23E960EB00CE2B47 /* Resources */,
			);
			buildRules = (
			);
			dependencies = (
			);
			name = WissKitDebugApp;
			productName = WissKit;
			productReference = E71C3C6123E960EB00CE2B47 /* WissKitDebugApp.app */;
			productType = "com.apple.product-type.application";
		};
/* End PBXNativeTarget section */

/* Begin PBXProject section */
		E71C3C5923E960EB00CE2B47 /* Project object */ = {
			isa = PBXProject;
			attributes = {
				LastSwiftUpdateCheck = 1130;
				LastUpgradeCheck = 1130;
				ORGANIZATIONNAME = Wiss;
				TargetAttributes = {
					E71C3C6023E960EB00CE2B47 = {
						CreatedOnToolsVersion = 11.3.1;
					};
				};
			};
			buildConfigurationList = E71C3C5C23E960EB00CE2B47 /* Build configuration list for PBXProject "WissProject" */;
			compatibilityVersion = "Xcode 9.3";
			developmentRegion = en;
			hasScannedForEncodings = 0;
			knownRegions = (
				en,
				Base,
			);
			mainGroup = E71C3C5823E960EB00CE2B47;
			productRefGroup = E71C3C6223E960EB00CE2B47 /* Products */;
			projectDirPath = "";
			projectRoot = "";
			targets = (
				E71C3C6023E960EB00CE2B47 /* WissKitDebugApp */,
			);
		};
/* End PBXProject section */

/* Begin PBXResourcesBuildPhase section */
		E71C3C5F23E960EB00CE2B47 /* Resources */ = {
			isa = PBXResourcesBuildPhase;
			buildActionMask = 2147483647;
			files = (
				E71C3C7123E960EE00CE2B47 /* LaunchScreen.storyboard in Resources */,
				E71C3C6E23E960EE00CE2B47 /* Assets.xcassets in Resources */,
			);
			runOnlyForDeploymentPostprocessing = 0;
		};
/* End PBXResourcesBuildPhase section */

/* Begin PBXSourcesBuildPhase section */
		E71C3C5D23E960EB00CE2B47 /* Sources */ = {
			isa = PBXSourcesBuildPhase;
			buildActionMask = 2147483647;
			files = (
				E71C3C6923E960EB00CE2B47 /* ViewController.swift in Sources */,
				E71C3C6523E960EB00CE2B47 /* AppDelegate.swift in Sources */,
				2DB9971BD1AD45E090AF4CB0 /* WissError.swift in Sources */,
				2DB99615CB4BAB3A4F2A2E17 /* WissHttpError.swift in Sources */,
				2DB99EA4B19B65F252567087 /* Wiss.swift in Sources */,
				2DB99D74EB50CAC27F64A9D5 /* WissStore.swift in Sources */,
				2DB99007E571039237EC66A7 /* WissCompatible.swift in Sources */,
				2DB99259C85914D01D78451F /* Int+Wiss.swift in Sources */,
				2DB999E84B00AAFBD4E367D7 /* String+Wiss.swift in Sources */,
				2DB99B4CEA3A494FF87A757B /* Int+WissExtension.swift in Sources */,
				2DB99CE42A65407FFD9E27E7 /* Bool+WissExtension.swift in Sources */,
				2DB9999238FCD79BB4CF2E8D /* CGSize+WissExtension.swift in Sources */,
				2DB999183C2507CDB73231A0 /* CGFloat+WissExtension.swift in Sources */,
				2DB99E00A3A5B05B52F3582D /* NSAttributedString+Wiss.swift in Sources */,
				2DB99F8D454DAB9C9C3509D3 /* UIColor+WissExtension.swift in Sources */,
				2DB9932B9D6EBE19C127C57A /* UIFont+Wiss.swift in Sources */,
				2DB99DDFAA01E0D9BA668D3A /* WissDeinitHandler.swift in Sources */,
				2DB99AEA104954BF1901BF19 /* ScreenSizeBasedCGFloat.swift in Sources */,
				2DB99FA559EC5E1E528C73BB /* ReusableView.swift in Sources */,
				2DB99E7ABA9E927638D0A5DC /* UIScreen+Wiss.swift in Sources */,
				2DB99485580C83887C1591EE /* UILabel+Wiss.swift in Sources */,
				2DB9943B4524AA1FB3DB0A7C /* UIView+Wiss.swift in Sources */,
				2DB99A654AF9E1900CBA9140 /* UITableView+Wiss.swift in Sources */,
				2DB99BABFB615E523F1ADA78 /* WissKitError.swift in Sources */,
				2DB99E3B2B1F8771227876EB /* WissEquatable.swift in Sources */,
				2DB99B283F8A16CBCF4C00B7 /* CellModelRetainedCell.swift in Sources */,
				2DB9910872A717A0EC588247 /* Codable+WissExtension.swift in Sources */,
				2DB992CD27F3AEDF7FC298F7 /* Hashable+Extension.swift in Sources */,
				2DB99E06B3E58F2F3033C5F5 /* NSMutableAttributedString+Wiss.swift in Sources */,
			);
			runOnlyForDeploymentPostprocessing = 0;
		};
/* End PBXSourcesBuildPhase section */

/* Begin PBXVariantGroup section */
		E71C3C6F23E960EE00CE2B47 /* LaunchScreen.storyboard */ = {
			isa = PBXVariantGroup;
			children = (
				E7E165E123F2FD0B00B5A654 /* Base */,
			);
			name = LaunchScreen.storyboard;
			sourceTree = "<group>";
		};
/* End PBXVariantGroup section */

/* Begin XCBuildConfiguration section */
		E71C3C7323E960EE00CE2B47 /* Debug */ = {
			isa = XCBuildConfiguration;
			buildSettings = {
				ALWAYS_SEARCH_USER_PATHS = NO;
				CLANG_ANALYZER_NONNULL = YES;
				CLANG_ANALYZER_NUMBER_OBJECT_CONVERSION = YES_AGGRESSIVE;
				CLANG_CXX_LANGUAGE_STANDARD = "gnu++14";
				CLANG_CXX_LIBRARY = "libc++";
				CLANG_ENABLE_MODULES = YES;
				CLANG_ENABLE_OBJC_ARC = YES;
				CLANG_ENABLE_OBJC_WEAK = YES;
				CLANG_WARN_BLOCK_CAPTURE_AUTORELEASING = YES;
				CLANG_WARN_BOOL_CONVERSION = YES;
				CLANG_WARN_COMMA = YES;
				CLANG_WARN_CONSTANT_CONVERSION = YES;
				CLANG_WARN_DEPRECATED_OBJC_IMPLEMENTATIONS = YES;
				CLANG_WARN_DIRECT_OBJC_ISA_USAGE = YES_ERROR;
				CLANG_WARN_DOCUMENTATION_COMMENTS = YES;
				CLANG_WARN_EMPTY_BODY = YES;
				CLANG_WARN_ENUM_CONVERSION = YES;
				CLANG_WARN_INFINITE_RECURSION = YES;
				CLANG_WARN_INT_CONVERSION = YES;
				CLANG_WARN_NON_LITERAL_NULL_CONVERSION = YES;
				CLANG_WARN_OBJC_IMPLICIT_RETAIN_SELF = YES;
				CLANG_WARN_OBJC_LITERAL_CONVERSION = YES;
				CLANG_WARN_OBJC_ROOT_CLASS = YES_ERROR;
				CLANG_WARN_RANGE_LOOP_ANALYSIS = YES;
				CLANG_WARN_STRICT_PROTOTYPES = YES;
				CLANG_WARN_SUSPICIOUS_MOVE = YES;
				CLANG_WARN_UNGUARDED_AVAILABILITY = YES_AGGRESSIVE;
				CLANG_WARN_UNREACHABLE_CODE = YES;
				CLANG_WARN__DUPLICATE_METHOD_MATCH = YES;
				COPY_PHASE_STRIP = NO;
				DEBUG_INFORMATION_FORMAT = dwarf;
				ENABLE_STRICT_OBJC_MSGSEND = YES;
				ENABLE_TESTABILITY = YES;
				GCC_C_LANGUAGE_STANDARD = gnu11;
				GCC_DYNAMIC_NO_PIC = NO;
				GCC_NO_COMMON_BLOCKS = YES;
				GCC_OPTIMIZATION_LEVEL = 0;
				GCC_PREPROCESSOR_DEFINITIONS = (
					"DEBUG=1",
					"$(inherited)",
				);
				GCC_WARN_64_TO_32_BIT_CONVERSION = YES;
				GCC_WARN_ABOUT_RETURN_TYPE = YES_ERROR;
				GCC_WARN_UNDECLARED_SELECTOR = YES;
				GCC_WARN_UNINITIALIZED_AUTOS = YES_AGGRESSIVE;
				GCC_WARN_UNUSED_FUNCTION = YES;
				GCC_WARN_UNUSED_VARIABLE = YES;
				IPHONEOS_DEPLOYMENT_TARGET = 9.0;
				MTL_ENABLE_DEBUG_INFO = INCLUDE_SOURCE;
				MTL_FAST_MATH = YES;
				ONLY_ACTIVE_ARCH = YES;
				SDKROOT = iphoneos;
				SWIFT_ACTIVE_COMPILATION_CONDITIONS = DEBUG;
				SWIFT_OPTIMIZATION_LEVEL = "-Onone";
			};
			name = Debug;
		};
		E71C3C7423E960EE00CE2B47 /* Release */ = {
			isa = XCBuildConfiguration;
			buildSettings = {
				ALWAYS_SEARCH_USER_PATHS = NO;
				CLANG_ANALYZER_NONNULL = YES;
				CLANG_ANALYZER_NUMBER_OBJECT_CONVERSION = YES_AGGRESSIVE;
				CLANG_CXX_LANGUAGE_STANDARD = "gnu++14";
				CLANG_CXX_LIBRARY = "libc++";
				CLANG_ENABLE_MODULES = YES;
				CLANG_ENABLE_OBJC_ARC = YES;
				CLANG_ENABLE_OBJC_WEAK = YES;
				CLANG_WARN_BLOCK_CAPTURE_AUTORELEASING = YES;
				CLANG_WARN_BOOL_CONVERSION = YES;
				CLANG_WARN_COMMA = YES;
				CLANG_WARN_CONSTANT_CONVERSION = YES;
				CLANG_WARN_DEPRECATED_OBJC_IMPLEMENTATIONS = YES;
				CLANG_WARN_DIRECT_OBJC_ISA_USAGE = YES_ERROR;
				CLANG_WARN_DOCUMENTATION_COMMENTS = YES;
				CLANG_WARN_EMPTY_BODY = YES;
				CLANG_WARN_ENUM_CONVERSION = YES;
				CLANG_WARN_INFINITE_RECURSION = YES;
				CLANG_WARN_INT_CONVERSION = YES;
				CLANG_WARN_NON_LITERAL_NULL_CONVERSION = YES;
				CLANG_WARN_OBJC_IMPLICIT_RETAIN_SELF = YES;
				CLANG_WARN_OBJC_LITERAL_CONVERSION = YES;
				CLANG_WARN_OBJC_ROOT_CLASS = YES_ERROR;
				CLANG_WARN_RANGE_LOOP_ANALYSIS = YES;
				CLANG_WARN_STRICT_PROTOTYPES = YES;
				CLANG_WARN_SUSPICIOUS_MOVE = YES;
				CLANG_WARN_UNGUARDED_AVAILABILITY = YES_AGGRESSIVE;
				CLANG_WARN_UNREACHABLE_CODE = YES;
				CLANG_WARN__DUPLICATE_METHOD_MATCH = YES;
				COPY_PHASE_STRIP = NO;
				DEBUG_INFORMATION_FORMAT = "dwarf-with-dsym";
				ENABLE_NS_ASSERTIONS = NO;
				ENABLE_STRICT_OBJC_MSGSEND = YES;
				GCC_C_LANGUAGE_STANDARD = gnu11;
				GCC_NO_COMMON_BLOCKS = YES;
				GCC_WARN_64_TO_32_BIT_CONVERSION = YES;
				GCC_WARN_ABOUT_RETURN_TYPE = YES_ERROR;
				GCC_WARN_UNDECLARED_SELECTOR = YES;
				GCC_WARN_UNINITIALIZED_AUTOS = YES_AGGRESSIVE;
				GCC_WARN_UNUSED_FUNCTION = YES;
				GCC_WARN_UNUSED_VARIABLE = YES;
				IPHONEOS_DEPLOYMENT_TARGET = 9.0;
				MTL_ENABLE_DEBUG_INFO = NO;
				MTL_FAST_MATH = YES;
				SDKROOT = iphoneos;
				SWIFT_COMPILATION_MODE = wholemodule;
				SWIFT_OPTIMIZATION_LEVEL = "-O";
				VALIDATE_PRODUCT = YES;
			};
			name = Release;
		};
		E71C3C7623E960EE00CE2B47 /* Debug */ = {
			isa = XCBuildConfiguration;
			buildSettings = {
				ASSETCATALOG_COMPILER_APPICON_NAME = AppIcon;
				CODE_SIGN_STYLE = Automatic;
				CURRENT_PROJECT_VERSION = 1;
				DEVELOPMENT_TEAM = UMKNFFP7EA;
				INFOPLIST_FILE = WissKitDebugApp/Info.plist;
				LD_RUNPATH_SEARCH_PATHS = (
					"$(inherited)",
					"@executable_path/Frameworks",
				);
				MARKETING_VERSION = 1.0;
				PRODUCT_BUNDLE_IDENTIFIER = com.wiss.WissKit;
				PRODUCT_NAME = "$(TARGET_NAME)";
				SWIFT_VERSION = 5.0;
				TARGETED_DEVICE_FAMILY = "1,2";
			};
			name = Debug;
		};
		E71C3C7723E960EE00CE2B47 /* Release */ = {
			isa = XCBuildConfiguration;
			buildSettings = {
				ASSETCATALOG_COMPILER_APPICON_NAME = AppIcon;
				CODE_SIGN_STYLE = Automatic;
				CURRENT_PROJECT_VERSION = 1;
				DEVELOPMENT_TEAM = UMKNFFP7EA;
				INFOPLIST_FILE = WissKitDebugApp/Info.plist;
				LD_RUNPATH_SEARCH_PATHS = (
					"$(inherited)",
					"@executable_path/Frameworks",
				);
				MARKETING_VERSION = 1.0;
				PRODUCT_BUNDLE_IDENTIFIER = com.wiss.WissKit;
				PRODUCT_NAME = "$(TARGET_NAME)";
				SWIFT_VERSION = 5.0;
				TARGETED_DEVICE_FAMILY = "1,2";
			};
			name = Release;
		};
/* End XCBuildConfiguration section */

/* Begin XCConfigurationList section */
		E71C3C5C23E960EB00CE2B47 /* Build configuration list for PBXProject "WissProject" */ = {
			isa = XCConfigurationList;
			buildConfigurations = (
				E71C3C7323E960EE00CE2B47 /* Debug */,
				E71C3C7423E960EE00CE2B47 /* Release */,
			);
			defaultConfigurationIsVisible = 0;
			defaultConfigurationName = Release;
		};
		E71C3C7523E960EE00CE2B47 /* Build configuration list for PBXNativeTarget "WissKitDebugApp" */ = {
			isa = XCConfigurationList;
			buildConfigurations = (
				E71C3C7623E960EE00CE2B47 /* Debug */,
				E71C3C7723E960EE00CE2B47 /* Release */,
			);
			defaultConfigurationIsVisible = 0;
			defaultConfigurationName = Release;
		};
/* End XCConfigurationList section */
	};
	rootObject = E71C3C5923E960EB00CE2B47 /* Project object */;
}
